// !$*UTF8*$!
{
	archiveVersion = 1;
	classes = {
	};
	objectVersion = 50;
	objects = {

/* Begin PBXBuildFile section */
		6EA369A9FDFB309E6CC7ED84 /* Pods_RxSwiftTest.framework in Frameworks */ = {isa = PBXBuildFile; fileRef = FC511C6D31A9B472644C552E /* Pods_RxSwiftTest.framework */; };
		AF160701224156FC00289AEA /* TableViewController.swift in Sources */ = {isa = PBXBuildFile; fileRef = AF160700224156FC00289AEA /* TableViewController.swift */; };
		AF1607032241574400289AEA /* RepoEvent.swift in Sources */ = {isa = PBXBuildFile; fileRef = AF1607022241574400289AEA /* RepoEvent.swift */; };
		AF1607052241575500289AEA /* ImageCache.swift in Sources */ = {isa = PBXBuildFile; fileRef = AF1607042241575500289AEA /* ImageCache.swift */; };
		AF197DA4222D367F00794D97 /* AppDelegate.swift in Sources */ = {isa = PBXBuildFile; fileRef = AF197DA3222D367F00794D97 /* AppDelegate.swift */; };
		AF197DA6222D367F00794D97 /* ViewController.swift in Sources */ = {isa = PBXBuildFile; fileRef = AF197DA5222D367F00794D97 /* ViewController.swift */; };
		AF197DA9222D367F00794D97 /* Main.storyboard in Resources */ = {isa = PBXBuildFile; fileRef = AF197DA7222D367F00794D97 /* Main.storyboard */; };
		AF197DAC222D367F00794D97 /* RxSwiftTest.xcdatamodeld in Sources */ = {isa = PBXBuildFile; fileRef = AF197DAA222D367F00794D97 /* RxSwiftTest.xcdatamodeld */; };
		AF197DAE222D368200794D97 /* Assets.xcassets in Resources */ = {isa = PBXBuildFile; fileRef = AF197DAD222D368200794D97 /* Assets.xcassets */; };
		AF197DB1222D368200794D97 /* LaunchScreen.storyboard in Resources */ = {isa = PBXBuildFile; fileRef = AF197DAF222D368200794D97 /* LaunchScreen.storyboard */; };
		AF5D0610223A59E5004D2681 /* LoginPracticeViewController.swift in Sources */ = {isa = PBXBuildFile; fileRef = AF5D060F223A59E5004D2681 /* LoginPracticeViewController.swift */; };
		AF5E5EC52238139500C038D3 /* SubjectInPracticeViewController.swift in Sources */ = {isa = PBXBuildFile; fileRef = AF5E5EC42238139500C038D3 /* SubjectInPracticeViewController.swift */; };
		AFA2AB1C224269A900D11439 /* Model.xcdatamodeld in Sources */ = {isa = PBXBuildFile; fileRef = AFA2AB1A224269A900D11439 /* Model.xcdatamodeld */; };
		AFA2AB1F22426B6100D11439 /* Event+CoreDataClass.swift in Sources */ = {isa = PBXBuildFile; fileRef = AFA2AB1D22426B6100D11439 /* Event+CoreDataClass.swift */; };
		AFA2AB2022426B6100D11439 /* Event+CoreDataProperties.swift in Sources */ = {isa = PBXBuildFile; fileRef = AFA2AB1E22426B6100D11439 /* Event+CoreDataProperties.swift */; };
		AFA2AB2222426CA400D11439 /* CoreDataStack.swift in Sources */ = {isa = PBXBuildFile; fileRef = AFA2AB2122426CA400D11439 /* CoreDataStack.swift */; };
		AFFE219722394BD200553BFD /* ImageLoaderViewController.swift in Sources */ = {isa = PBXBuildFile; fileRef = AFFE219622394BD200553BFD /* ImageLoaderViewController.swift */; };
/* End PBXBuildFile section */

/* Begin PBXFileReference section */
		222E15E84641DF52C8BF63B2 /* Pods-RxSwiftTest.release.xcconfig */ = {isa = PBXFileReference; includeInIndex = 1; lastKnownFileType = text.xcconfig; name = "Pods-RxSwiftTest.release.xcconfig"; path = "Pods/Target Support Files/Pods-RxSwiftTest/Pods-RxSwiftTest.release.xcconfig"; sourceTree = "<group>"; };
		AF095DD9223401FF00584545 /* 9. Behavior Subject.playground */ = {isa = PBXFileReference; lastKnownFileType = file.playground; path = "9. Behavior Subject.playground"; sourceTree = "<group>"; xcLanguageSpecificationIdentifier = xcode.lang.swift; };
		AF0C9BA4223033D200232903 /* 5. Disposing.playground */ = {isa = PBXFileReference; lastKnownFileType = file.playground; path = "5. Disposing.playground"; sourceTree = "<group>"; xcLanguageSpecificationIdentifier = xcode.lang.swift; };
		AF0C9BA622303F9600232903 /* 3. Observable.playground */ = {isa = PBXFileReference; lastKnownFileType = file.playground; path = "3. Observable.playground"; sourceTree = "<group>"; xcLanguageSpecificationIdentifier = xcode.lang.swift; };
		AF160700224156FC00289AEA /* TableViewController.swift */ = {isa = PBXFileReference; lastKnownFileType = sourcecode.swift; path = TableViewController.swift; sourceTree = "<group>"; };
		AF1607022241574400289AEA /* RepoEvent.swift */ = {isa = PBXFileReference; lastKnownFileType = sourcecode.swift; path = RepoEvent.swift; sourceTree = "<group>"; };
		AF1607042241575500289AEA /* ImageCache.swift */ = {isa = PBXFileReference; lastKnownFileType = sourcecode.swift; path = ImageCache.swift; sourceTree = "<group>"; };
		AF18AFC6223D4018006CE722 /* 18. Share Operator.playground */ = {isa = PBXFileReference; lastKnownFileType = file.playground; path = "18. Share Operator.playground"; sourceTree = "<group>"; xcLanguageSpecificationIdentifier = xcode.lang.swift; };
		AF18AFC7223D4583006CE722 /* 19. Ignore in Practice.playground */ = {isa = PBXFileReference; lastKnownFileType = file.playground; path = "19. Ignore in Practice.playground"; sourceTree = "<group>"; xcLanguageSpecificationIdentifier = xcode.lang.swift; };
		AF197DA0222D367F00794D97 /* RxSwiftTest.app */ = {isa = PBXFileReference; explicitFileType = wrapper.application; includeInIndex = 0; path = RxSwiftTest.app; sourceTree = BUILT_PRODUCTS_DIR; };
		AF197DA3222D367F00794D97 /* AppDelegate.swift */ = {isa = PBXFileReference; lastKnownFileType = sourcecode.swift; path = AppDelegate.swift; sourceTree = "<group>"; };
		AF197DA5222D367F00794D97 /* ViewController.swift */ = {isa = PBXFileReference; lastKnownFileType = sourcecode.swift; path = ViewController.swift; sourceTree = "<group>"; };
		AF197DA8222D367F00794D97 /* Base */ = {isa = PBXFileReference; lastKnownFileType = file.storyboard; name = Base; path = Base.lproj/Main.storyboard; sourceTree = "<group>"; };
		AF197DAB222D367F00794D97 /* RxSwiftTest.xcdatamodel */ = {isa = PBXFileReference; lastKnownFileType = wrapper.xcdatamodel; path = RxSwiftTest.xcdatamodel; sourceTree = "<group>"; };
		AF197DAD222D368200794D97 /* Assets.xcassets */ = {isa = PBXFileReference; lastKnownFileType = folder.assetcatalog; path = Assets.xcassets; sourceTree = "<group>"; };
		AF197DB0222D368200794D97 /* Base */ = {isa = PBXFileReference; lastKnownFileType = file.storyboard; name = Base; path = Base.lproj/LaunchScreen.storyboard; sourceTree = "<group>"; };
		AF197DB2222D368200794D97 /* Info.plist */ = {isa = PBXFileReference; lastKnownFileType = text.plist.xml; path = Info.plist; sourceTree = "<group>"; };
		AF197DB8222D39AF00794D97 /* 4. Subscriber.playground */ = {isa = PBXFileReference; lastKnownFileType = file.playground; path = "4. Subscriber.playground"; sourceTree = "<group>"; xcLanguageSpecificationIdentifier = xcode.lang.swift; };
		AF1B45DB224D262D00164A0D /* 29. Trigger.playground */ = {isa = PBXFileReference; lastKnownFileType = file.playground; path = "29. Trigger.playground"; sourceTree = "<group>"; xcLanguageSpecificationIdentifier = xcode.lang.swift; };
		AF1B45DC224D29F500164A0D /* 30. Ambiguous.playground */ = {isa = PBXFileReference; lastKnownFileType = file.playground; path = "30. Ambiguous.playground"; sourceTree = "<group>"; xcLanguageSpecificationIdentifier = xcode.lang.swift; };
		AF26165522353A56008F292C /* 10. Replay Subject.playground */ = {isa = PBXFileReference; lastKnownFileType = file.playground; path = "10. Replay Subject.playground"; sourceTree = "<group>"; xcLanguageSpecificationIdentifier = xcode.lang.swift; };
		AF2BB8882230420F00608094 /* 6. Side Effects.playground */ = {isa = PBXFileReference; lastKnownFileType = file.playground; path = "6. Side Effects.playground"; sourceTree = "<group>"; xcLanguageSpecificationIdentifier = xcode.lang.swift; };
		AF2BB8892231146C00608094 /* 7. Traits.playground */ = {isa = PBXFileReference; lastKnownFileType = file.playground; path = "7. Traits.playground"; sourceTree = "<group>"; xcLanguageSpecificationIdentifier = xcode.lang.swift; };
		AF498825224B88E800E6FEFC /* 27. Combine Latest.playground */ = {isa = PBXFileReference; lastKnownFileType = file.playground; path = "27. Combine Latest.playground"; sourceTree = "<group>"; xcLanguageSpecificationIdentifier = xcode.lang.swift; };
		AF498826224B990000E6FEFC /* 28. Zip.playground */ = {isa = PBXFileReference; lastKnownFileType = file.playground; path = "28. Zip.playground"; sourceTree = "<group>"; xcLanguageSpecificationIdentifier = xcode.lang.swift; };
		AF49AFB3223FE2FE00082233 /* 22. Materialize.playground */ = {isa = PBXFileReference; lastKnownFileType = file.playground; path = "22. Materialize.playground"; sourceTree = "<group>"; xcLanguageSpecificationIdentifier = xcode.lang.swift; };
		AF5D060D223A4C26004D2681 /* 15. Skip Operator.playground */ = {isa = PBXFileReference; lastKnownFileType = file.playground; path = "15. Skip Operator.playground"; sourceTree = "<group>"; xcLanguageSpecificationIdentifier = xcode.lang.swift; };
		AF5D060E223A51E5004D2681 /* 16. Take Operator.playground */ = {isa = PBXFileReference; lastKnownFileType = file.playground; path = "16. Take Operator.playground"; sourceTree = "<group>"; xcLanguageSpecificationIdentifier = xcode.lang.swift; };
		AF5D060F223A59E5004D2681 /* LoginPracticeViewController.swift */ = {isa = PBXFileReference; lastKnownFileType = sourcecode.swift; path = LoginPracticeViewController.swift; sourceTree = "<group>"; };
		AF5E5E752236ACA200C038D3 /* 11. Async Subject.playground */ = {isa = PBXFileReference; lastKnownFileType = file.playground; path = "11. Async Subject.playground"; sourceTree = "<group>"; xcLanguageSpecificationIdentifier = xcode.lang.swift; };
		AF5E5EC22237EF2200C038D3 /* 12. Relay.playground */ = {isa = PBXFileReference; lastKnownFileType = file.playground; path = "12. Relay.playground"; sourceTree = "<group>"; xcLanguageSpecificationIdentifier = xcode.lang.swift; };
		AF5E5EC42238139500C038D3 /* SubjectInPracticeViewController.swift */ = {isa = PBXFileReference; lastKnownFileType = sourcecode.swift; path = SubjectInPracticeViewController.swift; sourceTree = "<group>"; };
		AF711B70223FD669005D25E5 /* 21. Flatmap Operator.playground */ = {isa = PBXFileReference; lastKnownFileType = file.playground; path = "21. Flatmap Operator.playground"; sourceTree = "<group>"; xcLanguageSpecificationIdentifier = xcode.lang.swift; };
		AF9B6218223E93D800D33E58 /* 20. Map Operator.playground */ = {isa = PBXFileReference; lastKnownFileType = file.playground; path = "20. Map Operator.playground"; sourceTree = "<group>"; xcLanguageSpecificationIdentifier = xcode.lang.swift; };
		AFA2AB1B224269A900D11439 /* Model.xcdatamodel */ = {isa = PBXFileReference; lastKnownFileType = wrapper.xcdatamodel; path = Model.xcdatamodel; sourceTree = "<group>"; };
		AFA2AB1D22426B6100D11439 /* Event+CoreDataClass.swift */ = {isa = PBXFileReference; lastKnownFileType = sourcecode.swift; path = "Event+CoreDataClass.swift"; sourceTree = "<group>"; };
		AFA2AB1E22426B6100D11439 /* Event+CoreDataProperties.swift */ = {isa = PBXFileReference; lastKnownFileType = sourcecode.swift; path = "Event+CoreDataProperties.swift"; sourceTree = "<group>"; };
		AFA2AB2122426CA400D11439 /* CoreDataStack.swift */ = {isa = PBXFileReference; lastKnownFileType = sourcecode.swift; path = CoreDataStack.swift; sourceTree = "<group>"; };
		AFB9D93E2243BA5F00B4F1BD /* 25. Concat.playground */ = {isa = PBXFileReference; lastKnownFileType = file.playground; path = "25. Concat.playground"; sourceTree = "<group>"; xcLanguageSpecificationIdentifier = xcode.lang.swift; };
		AFB9D93F2243D17F00B4F1BD /* 26. Merge.playground */ = {isa = PBXFileReference; lastKnownFileType = file.playground; path = "26. Merge.playground"; sourceTree = "<group>"; xcLanguageSpecificationIdentifier = xcode.lang.swift; };
		AFEAE143223BC348009B3F4F /* 17. Distinct Operator.playground */ = {isa = PBXFileReference; lastKnownFileType = file.playground; path = "17. Distinct Operator.playground"; sourceTree = "<group>"; xcLanguageSpecificationIdentifier = xcode.lang.swift; };
		AFEF3DDB2232B5E200D37592 /* 8. Publish Subject.playground */ = {isa = PBXFileReference; lastKnownFileType = file.playground; path = "8. Publish Subject.playground"; sourceTree = "<group>"; xcLanguageSpecificationIdentifier = xcode.lang.swift; };
		AFFE219522393D7F00553BFD /* 14. Ignore Operator.playground */ = {isa = PBXFileReference; lastKnownFileType = file.playground; path = "14. Ignore Operator.playground"; sourceTree = "<group>"; xcLanguageSpecificationIdentifier = xcode.lang.swift; };
		AFFE219622394BD200553BFD /* ImageLoaderViewController.swift */ = {isa = PBXFileReference; lastKnownFileType = sourcecode.swift; path = ImageLoaderViewController.swift; sourceTree = "<group>"; };
		C050614BC33C2E029354F754 /* Pods-RxSwiftTest.debug.xcconfig */ = {isa = PBXFileReference; includeInIndex = 1; lastKnownFileType = text.xcconfig; name = "Pods-RxSwiftTest.debug.xcconfig"; path = "Pods/Target Support Files/Pods-RxSwiftTest/Pods-RxSwiftTest.debug.xcconfig"; sourceTree = "<group>"; };
		FC511C6D31A9B472644C552E /* Pods_RxSwiftTest.framework */ = {isa = PBXFileReference; explicitFileType = wrapper.framework; includeInIndex = 0; path = Pods_RxSwiftTest.framework; sourceTree = BUILT_PRODUCTS_DIR; };
/* End PBXFileReference section */

/* Begin PBXFrameworksBuildPhase section */
		AF197D9D222D367F00794D97 /* Frameworks */ = {
			isa = PBXFrameworksBuildPhase;
			buildActionMask = 2147483647;
			files = (
				6EA369A9FDFB309E6CC7ED84 /* Pods_RxSwiftTest.framework in Frameworks */,
			);
			runOnlyForDeploymentPostprocessing = 0;
		};
/* End PBXFrameworksBuildPhase section */

/* Begin PBXGroup section */
		05CCDEAF12814942926E1F0B /* Pods */ = {
			isa = PBXGroup;
			children = (
				C050614BC33C2E029354F754 /* Pods-RxSwiftTest.debug.xcconfig */,
				222E15E84641DF52C8BF63B2 /* Pods-RxSwiftTest.release.xcconfig */,
			);
			name = Pods;
			sourceTree = "<group>";
		};
		82B36667130DCB6D6FE6CA34 /* Frameworks */ = {
			isa = PBXGroup;
			children = (
				FC511C6D31A9B472644C552E /* Pods_RxSwiftTest.framework */,
			);
			name = Frameworks;
			sourceTree = "<group>";
		};
		AF1606FE2241539400289AEA /* Controller */ = {
			isa = PBXGroup;
			children = (
				AF197DA5222D367F00794D97 /* ViewController.swift */,
				AF5E5EC42238139500C038D3 /* SubjectInPracticeViewController.swift */,
				AFFE219622394BD200553BFD /* ImageLoaderViewController.swift */,
				AF5D060F223A59E5004D2681 /* LoginPracticeViewController.swift */,
				AF160700224156FC00289AEA /* TableViewController.swift */,
				AF1607022241574400289AEA /* RepoEvent.swift */,
			);
			path = Controller;
			sourceTree = "<group>";
		};
		AF1606FF224153C500289AEA /* Playgrounds */ = {
			isa = PBXGroup;
			children = (
				AF1B45DC224D29F500164A0D /* 30. Ambiguous.playground */,
				AF1B45DB224D262D00164A0D /* 29. Trigger.playground */,
				AF498826224B990000E6FEFC /* 28. Zip.playground */,
				AF498825224B88E800E6FEFC /* 27. Combine Latest.playground */,
				AFB9D93F2243D17F00B4F1BD /* 26. Merge.playground */,
				AFB9D93E2243BA5F00B4F1BD /* 25. Concat.playground */,
				AF49AFB3223FE2FE00082233 /* 22. Materialize.playground */,
				AF711B70223FD669005D25E5 /* 21. Flatmap Operator.playground */,
				AF9B6218223E93D800D33E58 /* 20. Map Operator.playground */,
				AF18AFC7223D4583006CE722 /* 19. Ignore in Practice.playground */,
				AF18AFC6223D4018006CE722 /* 18. Share Operator.playground */,
				AFEAE143223BC348009B3F4F /* 17. Distinct Operator.playground */,
				AF5D060E223A51E5004D2681 /* 16. Take Operator.playground */,
				AF5D060D223A4C26004D2681 /* 15. Skip Operator.playground */,
				AFFE219522393D7F00553BFD /* 14. Ignore Operator.playground */,
				AF5E5EC22237EF2200C038D3 /* 12. Relay.playground */,
				AF5E5E752236ACA200C038D3 /* 11. Async Subject.playground */,
				AF26165522353A56008F292C /* 10. Replay Subject.playground */,
				AF095DD9223401FF00584545 /* 9. Behavior Subject.playground */,
				AFEF3DDB2232B5E200D37592 /* 8. Publish Subject.playground */,
				AF2BB8892231146C00608094 /* 7. Traits.playground */,
				AF2BB8882230420F00608094 /* 6. Side Effects.playground */,
				AF0C9BA4223033D200232903 /* 5. Disposing.playground */,
				AF197DB8222D39AF00794D97 /* 4. Subscriber.playground */,
				AF0C9BA622303F9600232903 /* 3. Observable.playground */,
			);
			path = Playgrounds;
			sourceTree = "<group>";
		};
		AF197D97222D367F00794D97 = {
			isa = PBXGroup;
			children = (
				AF197DA2222D367F00794D97 /* RxSwiftTest */,
				AF197DA1222D367F00794D97 /* Products */,
				05CCDEAF12814942926E1F0B /* Pods */,
				82B36667130DCB6D6FE6CA34 /* Frameworks */,
			);
			sourceTree = "<group>";
		};
		AF197DA1222D367F00794D97 /* Products */ = {
			isa = PBXGroup;
			children = (
				AF197DA0222D367F00794D97 /* RxSwiftTest.app */,
			);
			name = Products;
			sourceTree = "<group>";
		};
		AF197DA2222D367F00794D97 /* RxSwiftTest */ = {
			isa = PBXGroup;
			children = (
				AF1606FF224153C500289AEA /* Playgrounds */,
				AFA2AB192242695D00D11439 /* Local Cashe */,
				AF1606FE2241539400289AEA /* Controller */,
				AF197DA3222D367F00794D97 /* AppDelegate.swift */,
				AF197DA7222D367F00794D97 /* Main.storyboard */,
				AF197DAD222D368200794D97 /* Assets.xcassets */,
				AF197DAF222D368200794D97 /* LaunchScreen.storyboard */,
				AF197DB2222D368200794D97 /* Info.plist */,
				AF197DAA222D367F00794D97 /* RxSwiftTest.xcdatamodeld */,
			);
			path = RxSwiftTest;
			sourceTree = "<group>";
		};
		AFA2AB192242695D00D11439 /* Local Cashe */ = {
			isa = PBXGroup;
			children = (
				AFA2AB1D22426B6100D11439 /* Event+CoreDataClass.swift */,
				AFA2AB1E22426B6100D11439 /* Event+CoreDataProperties.swift */,
				AF1607042241575500289AEA /* ImageCache.swift */,
				AFA2AB1A224269A900D11439 /* Model.xcdatamodeld */,
				AFA2AB2122426CA400D11439 /* CoreDataStack.swift */,
			);
			path = "Local Cashe";
			sourceTree = "<group>";
		};
/* End PBXGroup section */

/* Begin PBXNativeTarget section */
		AF197D9F222D367F00794D97 /* RxSwiftTest */ = {
			isa = PBXNativeTarget;
			buildConfigurationList = AF197DB5222D368200794D97 /* Build configuration list for PBXNativeTarget "RxSwiftTest" */;
			buildPhases = (
				99FDD6FAB9D74C175FE47B6A /* [CP] Check Pods Manifest.lock */,
				AF197D9C222D367F00794D97 /* Sources */,
				AF197D9D222D367F00794D97 /* Frameworks */,
				AF197D9E222D367F00794D97 /* Resources */,
				0D0B0D1D9457B39929344796 /* [CP] Embed Pods Frameworks */,
			);
			buildRules = (
			);
			dependencies = (
			);
			name = RxSwiftTest;
			productName = RxSwiftTest;
			productReference = AF197DA0222D367F00794D97 /* RxSwiftTest.app */;
			productType = "com.apple.product-type.application";
		};
/* End PBXNativeTarget section */

/* Begin PBXProject section */
		AF197D98222D367F00794D97 /* Project object */ = {
			isa = PBXProject;
			attributes = {
				LastSwiftUpdateCheck = 1010;
				LastUpgradeCheck = 1010;
				ORGANIZATIONNAME = "Bernard Hur";
				TargetAttributes = {
					AF197D9F222D367F00794D97 = {
						CreatedOnToolsVersion = 10.1;
					};
				};
			};
			buildConfigurationList = AF197D9B222D367F00794D97 /* Build configuration list for PBXProject "RxSwiftTest" */;
			compatibilityVersion = "Xcode 9.3";
			developmentRegion = en;
			hasScannedForEncodings = 0;
			knownRegions = (
				en,
				Base,
			);
			mainGroup = AF197D97222D367F00794D97;
			productRefGroup = AF197DA1222D367F00794D97 /* Products */;
			projectDirPath = "";
			projectRoot = "";
			targets = (
				AF197D9F222D367F00794D97 /* RxSwiftTest */,
			);
		};
/* End PBXProject section */

/* Begin PBXResourcesBuildPhase section */
		AF197D9E222D367F00794D97 /* Resources */ = {
			isa = PBXResourcesBuildPhase;
			buildActionMask = 2147483647;
			files = (
				AF197DB1222D368200794D97 /* LaunchScreen.storyboard in Resources */,
				AF197DAE222D368200794D97 /* Assets.xcassets in Resources */,
				AF197DA9222D367F00794D97 /* Main.storyboard in Resources */,
			);
			runOnlyForDeploymentPostprocessing = 0;
		};
/* End PBXResourcesBuildPhase section */

/* Begin PBXShellScriptBuildPhase section */
		0D0B0D1D9457B39929344796 /* [CP] Embed Pods Frameworks */ = {
			isa = PBXShellScriptBuildPhase;
			buildActionMask = 2147483647;
			files = (
			);
			inputFileListPaths = (
			);
			inputPaths = (
				"${PODS_ROOT}/Target Support Files/Pods-RxSwiftTest/Pods-RxSwiftTest-frameworks.sh",
				"${BUILT_PRODUCTS_DIR}/RxAtomic/RxAtomic.framework",
				"${BUILT_PRODUCTS_DIR}/RxCocoa/RxCocoa.framework",
				"${BUILT_PRODUCTS_DIR}/RxSwift/RxSwift.framework",
				"${BUILT_PRODUCTS_DIR}/RxSwiftExt/RxSwiftExt.framework",
			);
			name = "[CP] Embed Pods Frameworks";
			outputFileListPaths = (
			);
			outputPaths = (
				"${TARGET_BUILD_DIR}/${FRAMEWORKS_FOLDER_PATH}/RxAtomic.framework",
				"${TARGET_BUILD_DIR}/${FRAMEWORKS_FOLDER_PATH}/RxCocoa.framework",
				"${TARGET_BUILD_DIR}/${FRAMEWORKS_FOLDER_PATH}/RxSwift.framework",
				"${TARGET_BUILD_DIR}/${FRAMEWORKS_FOLDER_PATH}/RxSwiftExt.framework",
			);
			runOnlyForDeploymentPostprocessing = 0;
			shellPath = /bin/sh;
			shellScript = "\"${PODS_ROOT}/Target Support Files/Pods-RxSwiftTest/Pods-RxSwiftTest-frameworks.sh\"\n";
			showEnvVarsInLog = 0;
		};
		99FDD6FAB9D74C175FE47B6A /* [CP] Check Pods Manifest.lock */ = {
			isa = PBXShellScriptBuildPhase;
			buildActionMask = 2147483647;
			files = (
			);
			inputFileListPaths = (
			);
			inputPaths = (
				"${PODS_PODFILE_DIR_PATH}/Podfile.lock",
				"${PODS_ROOT}/Manifest.lock",
			);
			name = "[CP] Check Pods Manifest.lock";
			outputFileListPaths = (
			);
			outputPaths = (
				"$(DERIVED_FILE_DIR)/Pods-RxSwiftTest-checkManifestLockResult.txt",
			);
			runOnlyForDeploymentPostprocessing = 0;
			shellPath = /bin/sh;
			shellScript = "diff \"${PODS_PODFILE_DIR_PATH}/Podfile.lock\" \"${PODS_ROOT}/Manifest.lock\" > /dev/null\nif [ $? != 0 ] ; then\n    # print error to STDERR\n    echo \"error: The sandbox is not in sync with the Podfile.lock. Run 'pod install' or update your CocoaPods installation.\" >&2\n    exit 1\nfi\n# This output is used by Xcode 'outputs' to avoid re-running this script phase.\necho \"SUCCESS\" > \"${SCRIPT_OUTPUT_FILE_0}\"\n";
			showEnvVarsInLog = 0;
		};
/* End PBXShellScriptBuildPhase section */

/* Begin PBXSourcesBuildPhase section */
		AF197D9C222D367F00794D97 /* Sources */ = {
			isa = PBXSourcesBuildPhase;
			buildActionMask = 2147483647;
			files = (
				AF197DA6222D367F00794D97 /* ViewController.swift in Sources */,
				AF160701224156FC00289AEA /* TableViewController.swift in Sources */,
				AF1607032241574400289AEA /* RepoEvent.swift in Sources */,
				AF1607052241575500289AEA /* ImageCache.swift in Sources */,
				AF5D0610223A59E5004D2681 /* LoginPracticeViewController.swift in Sources */,
				AF5E5EC52238139500C038D3 /* SubjectInPracticeViewController.swift in Sources */,
				AFA2AB2222426CA400D11439 /* CoreDataStack.swift in Sources */,
				AFA2AB2022426B6100D11439 /* Event+CoreDataProperties.swift in Sources */,
				AF197DA4222D367F00794D97 /* AppDelegate.swift in Sources */,
				AFA2AB1C224269A900D11439 /* Model.xcdatamodeld in Sources */,
				AFA2AB1F22426B6100D11439 /* Event+CoreDataClass.swift in Sources */,
				AF197DAC222D367F00794D97 /* RxSwiftTest.xcdatamodeld in Sources */,
				AFFE219722394BD200553BFD /* ImageLoaderViewController.swift in Sources */,
			);
			runOnlyForDeploymentPostprocessing = 0;
		};
/* End PBXSourcesBuildPhase section */

/* Begin PBXVariantGroup section */
		AF197DA7222D367F00794D97 /* Main.storyboard */ = {
			isa = PBXVariantGroup;
			children = (
				AF197DA8222D367F00794D97 /* Base */,
			);
			name = Main.storyboard;
			sourceTree = "<group>";
		};
		AF197DAF222D368200794D97 /* LaunchScreen.storyboard */ = {
			isa = PBXVariantGroup;
			children = (
				AF197DB0222D368200794D97 /* Base */,
			);
			name = LaunchScreen.storyboard;
			sourceTree = "<group>";
		};
/* End PBXVariantGroup section */

/* Begin XCBuildConfiguration section */
		AF197DB3222D368200794D97 /* Debug */ = {
			isa = XCBuildConfiguration;
			buildSettings = {
				ALWAYS_SEARCH_USER_PATHS = NO;
				CLANG_ANALYZER_NONNULL = YES;
				CLANG_ANALYZER_NUMBER_OBJECT_CONVERSION = YES_AGGRESSIVE;
				CLANG_CXX_LANGUAGE_STANDARD = "gnu++14";
				CLANG_CXX_LIBRARY = "libc++";
				CLANG_ENABLE_MODULES = YES;
				CLANG_ENABLE_OBJC_ARC = YES;
				CLANG_ENABLE_OBJC_WEAK = YES;
				CLANG_WARN_BLOCK_CAPTURE_AUTORELEASING = YES;
				CLANG_WARN_BOOL_CONVERSION = YES;
				CLANG_WARN_COMMA = YES;
				CLANG_WARN_CONSTANT_CONVERSION = YES;
				CLANG_WARN_DEPRECATED_OBJC_IMPLEMENTATIONS = YES;
				CLANG_WARN_DIRECT_OBJC_ISA_USAGE = YES_ERROR;
				CLANG_WARN_DOCUMENTATION_COMMENTS = YES;
				CLANG_WARN_EMPTY_BODY = YES;
				CLANG_WARN_ENUM_CONVERSION = YES;
				CLANG_WARN_INFINITE_RECURSION = YES;
				CLANG_WARN_INT_CONVERSION = YES;
				CLANG_WARN_NON_LITERAL_NULL_CONVERSION = YES;
				CLANG_WARN_OBJC_IMPLICIT_RETAIN_SELF = YES;
				CLANG_WARN_OBJC_LITERAL_CONVERSION = YES;
				CLANG_WARN_OBJC_ROOT_CLASS = YES_ERROR;
				CLANG_WARN_RANGE_LOOP_ANALYSIS = YES;
				CLANG_WARN_STRICT_PROTOTYPES = YES;
				CLANG_WARN_SUSPICIOUS_MOVE = YES;
				CLANG_WARN_UNGUARDED_AVAILABILITY = YES_AGGRESSIVE;
				CLANG_WARN_UNREACHABLE_CODE = YES;
				CLANG_WARN__DUPLICATE_METHOD_MATCH = YES;
				CODE_SIGN_IDENTITY = "iPhone Developer";
				COPY_PHASE_STRIP = NO;
				DEBUG_INFORMATION_FORMAT = dwarf;
				ENABLE_STRICT_OBJC_MSGSEND = YES;
				ENABLE_TESTABILITY = YES;
				GCC_C_LANGUAGE_STANDARD = gnu11;
				GCC_DYNAMIC_NO_PIC = NO;
				GCC_NO_COMMON_BLOCKS = YES;
				GCC_OPTIMIZATION_LEVEL = 0;
				GCC_PREPROCESSOR_DEFINITIONS = (
					"DEBUG=1",
					"$(inherited)",
				);
				GCC_WARN_64_TO_32_BIT_CONVERSION = YES;
				GCC_WARN_ABOUT_RETURN_TYPE = YES_ERROR;
				GCC_WARN_UNDECLARED_SELECTOR = YES;
				GCC_WARN_UNINITIALIZED_AUTOS = YES_AGGRESSIVE;
				GCC_WARN_UNUSED_FUNCTION = YES;
				GCC_WARN_UNUSED_VARIABLE = YES;
				IPHONEOS_DEPLOYMENT_TARGET = 12.1;
				MTL_ENABLE_DEBUG_INFO = INCLUDE_SOURCE;
				MTL_FAST_MATH = YES;
				ONLY_ACTIVE_ARCH = YES;
				SDKROOT = iphoneos;
				SWIFT_ACTIVE_COMPILATION_CONDITIONS = DEBUG;
				SWIFT_OPTIMIZATION_LEVEL = "-Onone";
			};
			name = Debug;
		};
		AF197DB4222D368200794D97 /* Release */ = {
			isa = XCBuildConfiguration;
			buildSettings = {
				ALWAYS_SEARCH_USER_PATHS = NO;
				CLANG_ANALYZER_NONNULL = YES;
				CLANG_ANALYZER_NUMBER_OBJECT_CONVERSION = YES_AGGRESSIVE;
				CLANG_CXX_LANGUAGE_STANDARD = "gnu++14";
				CLANG_CXX_LIBRARY = "libc++";
				CLANG_ENABLE_MODULES = YES;
				CLANG_ENABLE_OBJC_ARC = YES;
				CLANG_ENABLE_OBJC_WEAK = YES;
				CLANG_WARN_BLOCK_CAPTURE_AUTORELEASING = YES;
				CLANG_WARN_BOOL_CONVERSION = YES;
				CLANG_WARN_COMMA = YES;
				CLANG_WARN_CONSTANT_CONVERSION = YES;
				CLANG_WARN_DEPRECATED_OBJC_IMPLEMENTATIONS = YES;
				CLANG_WARN_DIRECT_OBJC_ISA_USAGE = YES_ERROR;
				CLANG_WARN_DOCUMENTATION_COMMENTS = YES;
				CLANG_WARN_EMPTY_BODY = YES;
				CLANG_WARN_ENUM_CONVERSION = YES;
				CLANG_WARN_INFINITE_RECURSION = YES;
				CLANG_WARN_INT_CONVERSION = YES;
				CLANG_WARN_NON_LITERAL_NULL_CONVERSION = YES;
				CLANG_WARN_OBJC_IMPLICIT_RETAIN_SELF = YES;
				CLANG_WARN_OBJC_LITERAL_CONVERSION = YES;
				CLANG_WARN_OBJC_ROOT_CLASS = YES_ERROR;
				CLANG_WARN_RANGE_LOOP_ANALYSIS = YES;
				CLANG_WARN_STRICT_PROTOTYPES = YES;
				CLANG_WARN_SUSPICIOUS_MOVE = YES;
				CLANG_WARN_UNGUARDED_AVAILABILITY = YES_AGGRESSIVE;
				CLANG_WARN_UNREACHABLE_CODE = YES;
				CLANG_WARN__DUPLICATE_METHOD_MATCH = YES;
				CODE_SIGN_IDENTITY = "iPhone Developer";
				COPY_PHASE_STRIP = NO;
				DEBUG_INFORMATION_FORMAT = "dwarf-with-dsym";
				ENABLE_NS_ASSERTIONS = NO;
				ENABLE_STRICT_OBJC_MSGSEND = YES;
				GCC_C_LANGUAGE_STANDARD = gnu11;
				GCC_NO_COMMON_BLOCKS = YES;
				GCC_WARN_64_TO_32_BIT_CONVERSION = YES;
				GCC_WARN_ABOUT_RETURN_TYPE = YES_ERROR;
				GCC_WARN_UNDECLARED_SELECTOR = YES;
				GCC_WARN_UNINITIALIZED_AUTOS = YES_AGGRESSIVE;
				GCC_WARN_UNUSED_FUNCTION = YES;
				GCC_WARN_UNUSED_VARIABLE = YES;
				IPHONEOS_DEPLOYMENT_TARGET = 12.1;
				MTL_ENABLE_DEBUG_INFO = NO;
				MTL_FAST_MATH = YES;
				SDKROOT = iphoneos;
				SWIFT_COMPILATION_MODE = wholemodule;
				SWIFT_OPTIMIZATION_LEVEL = "-O";
				VALIDATE_PRODUCT = YES;
			};
			name = Release;
		};
		AF197DB6222D368200794D97 /* Debug */ = {
			isa = XCBuildConfiguration;
			baseConfigurationReference = C050614BC33C2E029354F754 /* Pods-RxSwiftTest.debug.xcconfig */;
			buildSettings = {
				ASSETCATALOG_COMPILER_APPICON_NAME = AppIcon;
				CODE_SIGN_STYLE = Automatic;
				DEVELOPMENT_TEAM = 945LG8AYW8;
				INFOPLIST_FILE = RxSwiftTest/Info.plist;
				LD_RUNPATH_SEARCH_PATHS = (
					"$(inherited)",
					"@executable_path/Frameworks",
				);
				PRODUCT_BUNDLE_IDENTIFIER = kr.BenHur.project.RxSwiftTest;
				PRODUCT_NAME = "$(TARGET_NAME)";
				SWIFT_VERSION = 4.2;
				TARGETED_DEVICE_FAMILY = "1,2";
			};
			name = Debug;
		};
		AF197DB7222D368200794D97 /* Release */ = {
			isa = XCBuildConfiguration;
			baseConfigurationReference = 222E15E84641DF52C8BF63B2 /* Pods-RxSwiftTest.release.xcconfig */;
			buildSettings = {
				ASSETCATALOG_COMPILER_APPICON_NAME = AppIcon;
				CODE_SIGN_STYLE = Automatic;
				DEVELOPMENT_TEAM = 945LG8AYW8;
				INFOPLIST_FILE = RxSwiftTest/Info.plist;
				LD_RUNPATH_SEARCH_PATHS = (
					"$(inherited)",
					"@executable_path/Frameworks",
				);
				PRODUCT_BUNDLE_IDENTIFIER = kr.BenHur.project.RxSwiftTest;
				PRODUCT_NAME = "$(TARGET_NAME)";
				SWIFT_VERSION = 4.2;
				TARGETED_DEVICE_FAMILY = "1,2";
			};
			name = Release;
		};
/* End XCBuildConfiguration section */

/* Begin XCConfigurationList section */
		AF197D9B222D367F00794D97 /* Build configuration list for PBXProject "RxSwiftTest" */ = {
			isa = XCConfigurationList;
			buildConfigurations = (
				AF197DB3222D368200794D97 /* Debug */,
				AF197DB4222D368200794D97 /* Release */,
			);
			defaultConfigurationIsVisible = 0;
			defaultConfigurationName = Release;
		};
		AF197DB5222D368200794D97 /* Build configuration list for PBXNativeTarget "RxSwiftTest" */ = {
			isa = XCConfigurationList;
			buildConfigurations = (
				AF197DB6222D368200794D97 /* Debug */,
				AF197DB7222D368200794D97 /* Release */,
			);
			defaultConfigurationIsVisible = 0;
			defaultConfigurationName = Release;
		};
/* End XCConfigurationList section */

/* Begin XCVersionGroup section */
		AF197DAA222D367F00794D97 /* RxSwiftTest.xcdatamodeld */ = {
			isa = XCVersionGroup;
			children = (
				AF197DAB222D367F00794D97 /* RxSwiftTest.xcdatamodel */,
			);
			currentVersion = AF197DAB222D367F00794D97 /* RxSwiftTest.xcdatamodel */;
			path = RxSwiftTest.xcdatamodeld;
			sourceTree = "<group>";
			versionGroupType = wrapper.xcdatamodel;
		};
		AFA2AB1A224269A900D11439 /* Model.xcdatamodeld */ = {
			isa = XCVersionGroup;
			children = (
				AFA2AB1B224269A900D11439 /* Model.xcdatamodel */,
			);
			currentVersion = AFA2AB1B224269A900D11439 /* Model.xcdatamodel */;
			path = Model.xcdatamodeld;
			sourceTree = "<group>";
			versionGroupType = wrapper.xcdatamodel;
		};
/* End XCVersionGroup section */
	};
	rootObject = AF197D98222D367F00794D97 /* Project object */;
}
